
Microsoft Visual Studio Solution File, Format Version 12.00
# Visual Studio Version 17
VisualStudioVersion = 17.4.33110.190
MinimumVisualStudioVersion = 10.0.40219.1
Project("{FAE04EC0-301F-11D3-BF4B-00C04F79EFBC}") = "Graph implementation (C-sharp)", "Graph implementation (C-sharp)\Graph implementation (C-sharp).csproj", "{938D7A4F-6DE8-4B42-AEF1-A701D56800CF}"
EndProject
Global
	GlobalSection(SolutionConfigurationPlatforms) = preSolution
		Debug|Any CPU = Debug|Any CPU
		Release|Any CPU = Release|Any CPU
	EndGlobalSection
	GlobalSection(ProjectConfigurationPlatforms) = postSolution
		{938D7A4F-6DE8-4B42-AEF1-A701D56800CF}.Debug|Any CPU.ActiveCfg = Debug|Any CPU
		{938D7A4F-6DE8-4B42-AEF1-A701D56800CF}.Debug|Any CPU.Build.0 = Debug|Any CPU
		{938D7A4F-6DE8-4B42-AEF1-A701D56800CF}.Release|Any CPU.ActiveCfg = Release|Any CPU
		{938D7A4F-6DE8-4B42-AEF1-A701D56800CF}.Release|Any CPU.Build.0 = Release|Any CPU
	EndGlobalSection
	GlobalSection(SolutionProperties) = preSolution
		HideSolutionNode = FALSE
	EndGlobalSection
	GlobalSection(ExtensibilityGlobals) = postSolution
		SolutionGuid = {109C8AC7-BBA2-4CF0-8140-51A73B4D9F8D}
	EndGlobalSection
EndGlobal
